{
  "name": "nodemailer",
  "version": "1.0.0",
  "lockfileVersion": 2,
  "requires": true,
  "packages": {
    "": {
      "name": "nodemailer",
      "version": "1.0.0",
      "license": "ISC",
      "dependencies": {
        "nodemailer": "latest"
      }
    },
    "node_modules/nodemailer": {
      "version": "6.7.4",
      "resolved": "https://registry.npmjs.org/nodemailer/-/nodemailer-6.7.4.tgz",
      "integrity": "sha512-TBSS3qS8WG45ycUwEvEA/3UM1o3sLz9jUl4TPUKPz4ImWWM6UgRCb5pLO+HOouDKEj57yNLOrzQlO8+9IjWZoA==",
      "engines": {
        "node": ">=6.0.0"
      }
    }
  },
  "dependencies": {
    "nodemailer": {
      "version": "6.7.4",
      "resolved": "https://registry.npmjs.org/nodemailer/-/nodemailer-6.7.4.tgz",
      "integrity": "sha512-TBSS3qS8WG45ycUwEvEA/3UM1o3sLz9jUl4TPUKPz4ImWWM6UgRCb5pLO+HOouDKEj57yNLOrzQlO8+9IjWZoA=="
    }
  }
}
